
Microsoft Visual Studio Solution File, Format Version 12.00
# Visual Studio Version 17
VisualStudioVersion = 17.6.33815.320
MinimumVisualStudioVersion = 10.0.40219.1
Project("{9A19103F-16F7-4668-BE54-9A1E7A4F7556}") = "ElecShop.WebApi", "ElecShop.WebApi\ElecShop.WebApi.csproj", "{B89AADE5-FF66-4D3D-A877-613733F039A6}"
EndProject
Project("{9A19103F-16F7-4668-BE54-9A1E7A4F7556}") = "ElecShop.DataLayer", "ElecShop.WebApi.DataLayer\ElecShop.DataLayer.csproj", "{B306313F-CEE0-4178-AE33-EEFF3D43D62D}"
EndProject
Project("{9A19103F-16F7-4668-BE54-9A1E7A4F7556}") = "ElecShop.Core", "ElecShop.WebApi.Core\ElecShop.Core.csproj", "{563F1847-7AFA-4F1B-882F-A21E057CA92B}"
EndProject
Global
	GlobalSection(SolutionConfigurationPlatforms) = preSolution
		Debug|Any CPU = Debug|Any CPU
		Release|Any CPU = Release|Any CPU
	EndGlobalSection
	GlobalSection(ProjectConfigurationPlatforms) = postSolution
		{B89AADE5-FF66-4D3D-A877-613733F039A6}.Debug|Any CPU.ActiveCfg = Debug|Any CPU
		{B89AADE5-FF66-4D3D-A877-613733F039A6}.Debug|Any CPU.Build.0 = Debug|Any CPU
		{B89AADE5-FF66-4D3D-A877-613733F039A6}.Release|Any CPU.ActiveCfg = Release|Any CPU
		{B89AADE5-FF66-4D3D-A877-613733F039A6}.Release|Any CPU.Build.0 = Release|Any CPU
		{B306313F-CEE0-4178-AE33-EEFF3D43D62D}.Debug|Any CPU.ActiveCfg = Debug|Any CPU
		{B306313F-CEE0-4178-AE33-EEFF3D43D62D}.Debug|Any CPU.Build.0 = Debug|Any CPU
		{B306313F-CEE0-4178-AE33-EEFF3D43D62D}.Release|Any CPU.ActiveCfg = Release|Any CPU
		{B306313F-CEE0-4178-AE33-EEFF3D43D62D}.Release|Any CPU.Build.0 = Release|Any CPU
		{563F1847-7AFA-4F1B-882F-A21E057CA92B}.Debug|Any CPU.ActiveCfg = Debug|Any CPU
		{563F1847-7AFA-4F1B-882F-A21E057CA92B}.Debug|Any CPU.Build.0 = Debug|Any CPU
		{563F1847-7AFA-4F1B-882F-A21E057CA92B}.Release|Any CPU.ActiveCfg = Release|Any CPU
		{563F1847-7AFA-4F1B-882F-A21E057CA92B}.Release|Any CPU.Build.0 = Release|Any CPU
	EndGlobalSection
	GlobalSection(SolutionProperties) = preSolution
		HideSolutionNode = FALSE
	EndGlobalSection
	GlobalSection(ExtensibilityGlobals) = postSolution
		SolutionGuid = {08EA224A-65B5-4EA4-AD47-D447934B7160}
	EndGlobalSection
EndGlobal
